
Microsoft Visual Studio Solution File, Format Version 12.00
# Visual Studio Version 16
VisualStudioVersion = 16.0.30225.117
MinimumVisualStudioVersion = 10.0.40219.1
Project("{FAE04EC0-301F-11D3-BF4B-00C04F79EFBC}") = "Algorithms", "Algorithms\Algorithms.csproj", "{4BEE35A0-12BC-47E4-A8BD-146C6C031DEA}"
EndProject
Project("{FAE04EC0-301F-11D3-BF4B-00C04F79EFBC}") = "Algorithms.Test", "Algorithms.Test\Algorithms.Test.csproj", "{5930EFF1-6A76-44DD-88F5-DD69C0246D82}"
EndProject
Project("{2150E333-8FDC-42A3-9474-1A3956D46DE8}") = "Solution Items", "Solution Items", "{3F2EC25F-88F8-4BBA-BB5E-94A9DBD27349}"
	ProjectSection(SolutionItems) = preProject
		Algorithms.vsmdi = Algorithms.vsmdi
		Local.testsettings = Local.testsettings
		TraceAndTestImpact.testsettings = TraceAndTestImpact.testsettings
	EndProjectSection
EndProject
Project("{FAE04EC0-301F-11D3-BF4B-00C04F79EFBC}") = "DesignPattern", "DesignPattern\DesignPattern.csproj", "{8EAD2A72-26B3-45DF-8F2A-8E04ADABEE38}"
EndProject
Project("{FAE04EC0-301F-11D3-BF4B-00C04F79EFBC}") = "LeetCode", "LeetCode\LeetCode.csproj", "{43ED34E1-B81A-4209-BAAB-634A45AD9E23}"
EndProject
Project("{FAE04EC0-301F-11D3-BF4B-00C04F79EFBC}") = "LeetCode.Tests", "LeetCodeTests\LeetCode.Tests.csproj", "{0AD1F25A-5201-4619-8C0C-B6487E4AC2DC}"
EndProject
Global
	GlobalSection(SolutionConfigurationPlatforms) = preSolution
		Debug|Any CPU = Debug|Any CPU
		Debug|Mixed Platforms = Debug|Mixed Platforms
		Debug|x86 = Debug|x86
		Release|Any CPU = Release|Any CPU
		Release|Mixed Platforms = Release|Mixed Platforms
		Release|x86 = Release|x86
	EndGlobalSection
	GlobalSection(ProjectConfigurationPlatforms) = postSolution
		{4BEE35A0-12BC-47E4-A8BD-146C6C031DEA}.Debug|Any CPU.ActiveCfg = Debug|x86
		{4BEE35A0-12BC-47E4-A8BD-146C6C031DEA}.Debug|Mixed Platforms.ActiveCfg = Debug|x86
		{4BEE35A0-12BC-47E4-A8BD-146C6C031DEA}.Debug|Mixed Platforms.Build.0 = Debug|x86
		{4BEE35A0-12BC-47E4-A8BD-146C6C031DEA}.Debug|x86.ActiveCfg = Debug|x86
		{4BEE35A0-12BC-47E4-A8BD-146C6C031DEA}.Debug|x86.Build.0 = Debug|x86
		{4BEE35A0-12BC-47E4-A8BD-146C6C031DEA}.Release|Any CPU.ActiveCfg = Release|x86
		{4BEE35A0-12BC-47E4-A8BD-146C6C031DEA}.Release|Mixed Platforms.ActiveCfg = Release|x86
		{4BEE35A0-12BC-47E4-A8BD-146C6C031DEA}.Release|Mixed Platforms.Build.0 = Release|x86
		{4BEE35A0-12BC-47E4-A8BD-146C6C031DEA}.Release|x86.ActiveCfg = Release|x86
		{4BEE35A0-12BC-47E4-A8BD-146C6C031DEA}.Release|x86.Build.0 = Release|x86
		{5930EFF1-6A76-44DD-88F5-DD69C0246D82}.Debug|Any CPU.ActiveCfg = Debug|Any CPU
		{5930EFF1-6A76-44DD-88F5-DD69C0246D82}.Debug|Any CPU.Build.0 = Debug|Any CPU
		{5930EFF1-6A76-44DD-88F5-DD69C0246D82}.Debug|Mixed Platforms.ActiveCfg = Debug|Any CPU
		{5930EFF1-6A76-44DD-88F5-DD69C0246D82}.Debug|Mixed Platforms.Build.0 = Debug|Any CPU
		{5930EFF1-6A76-44DD-88F5-DD69C0246D82}.Debug|x86.ActiveCfg = Debug|Any CPU
		{5930EFF1-6A76-44DD-88F5-DD69C0246D82}.Release|Any CPU.ActiveCfg = Release|Any CPU
		{5930EFF1-6A76-44DD-88F5-DD69C0246D82}.Release|Any CPU.Build.0 = Release|Any CPU
		{5930EFF1-6A76-44DD-88F5-DD69C0246D82}.Release|Mixed Platforms.ActiveCfg = Release|Any CPU
		{5930EFF1-6A76-44DD-88F5-DD69C0246D82}.Release|Mixed Platforms.Build.0 = Release|Any CPU
		{5930EFF1-6A76-44DD-88F5-DD69C0246D82}.Release|x86.ActiveCfg = Release|Any CPU
		{8EAD2A72-26B3-45DF-8F2A-8E04ADABEE38}.Debug|Any CPU.ActiveCfg = Debug|Any CPU
		{8EAD2A72-26B3-45DF-8F2A-8E04ADABEE38}.Debug|Any CPU.Build.0 = Debug|Any CPU
		{8EAD2A72-26B3-45DF-8F2A-8E04ADABEE38}.Debug|Mixed Platforms.ActiveCfg = Debug|Any CPU
		{8EAD2A72-26B3-45DF-8F2A-8E04ADABEE38}.Debug|Mixed Platforms.Build.0 = Debug|Any CPU
		{8EAD2A72-26B3-45DF-8F2A-8E04ADABEE38}.Debug|x86.ActiveCfg = Debug|Any CPU
		{8EAD2A72-26B3-45DF-8F2A-8E04ADABEE38}.Debug|x86.Build.0 = Debug|Any CPU
		{8EAD2A72-26B3-45DF-8F2A-8E04ADABEE38}.Release|Any CPU.ActiveCfg = Release|Any CPU
		{8EAD2A72-26B3-45DF-8F2A-8E04ADABEE38}.Release|Any CPU.Build.0 = Release|Any CPU
		{8EAD2A72-26B3-45DF-8F2A-8E04ADABEE38}.Release|Mixed Platforms.ActiveCfg = Release|Any CPU
		{8EAD2A72-26B3-45DF-8F2A-8E04ADABEE38}.Release|Mixed Platforms.Build.0 = Release|Any CPU
		{8EAD2A72-26B3-45DF-8F2A-8E04ADABEE38}.Release|x86.ActiveCfg = Release|Any CPU
		{8EAD2A72-26B3-45DF-8F2A-8E04ADABEE38}.Release|x86.Build.0 = Release|Any CPU
		{43ED34E1-B81A-4209-BAAB-634A45AD9E23}.Debug|Any CPU.ActiveCfg = Debug|Any CPU
		{43ED34E1-B81A-4209-BAAB-634A45AD9E23}.Debug|Any CPU.Build.0 = Debug|Any CPU
		{43ED34E1-B81A-4209-BAAB-634A45AD9E23}.Debug|Mixed Platforms.ActiveCfg = Debug|Any CPU
		{43ED34E1-B81A-4209-BAAB-634A45AD9E23}.Debug|Mixed Platforms.Build.0 = Debug|Any CPU
		{43ED34E1-B81A-4209-BAAB-634A45AD9E23}.Debug|x86.ActiveCfg = Debug|Any CPU
		{43ED34E1-B81A-4209-BAAB-634A45AD9E23}.Debug|x86.Build.0 = Debug|Any CPU
		{43ED34E1-B81A-4209-BAAB-634A45AD9E23}.Release|Any CPU.ActiveCfg = Release|Any CPU
		{43ED34E1-B81A-4209-BAAB-634A45AD9E23}.Release|Any CPU.Build.0 = Release|Any CPU
		{43ED34E1-B81A-4209-BAAB-634A45AD9E23}.Release|Mixed Platforms.ActiveCfg = Release|Any CPU
		{43ED34E1-B81A-4209-BAAB-634A45AD9E23}.Release|Mixed Platforms.Build.0 = Release|Any CPU
		{43ED34E1-B81A-4209-BAAB-634A45AD9E23}.Release|x86.ActiveCfg = Release|Any CPU
		{43ED34E1-B81A-4209-BAAB-634A45AD9E23}.Release|x86.Build.0 = Release|Any CPU
		{0AD1F25A-5201-4619-8C0C-B6487E4AC2DC}.Debug|Any CPU.ActiveCfg = Debug|Any CPU
		{0AD1F25A-5201-4619-8C0C-B6487E4AC2DC}.Debug|Any CPU.Build.0 = Debug|Any CPU
		{0AD1F25A-5201-4619-8C0C-B6487E4AC2DC}.Debug|Mixed Platforms.ActiveCfg = Debug|Any CPU
		{0AD1F25A-5201-4619-8C0C-B6487E4AC2DC}.Debug|Mixed Platforms.Build.0 = Debug|Any CPU
		{0AD1F25A-5201-4619-8C0C-B6487E4AC2DC}.Debug|x86.ActiveCfg = Debug|Any CPU
		{0AD1F25A-5201-4619-8C0C-B6487E4AC2DC}.Debug|x86.Build.0 = Debug|Any CPU
		{0AD1F25A-5201-4619-8C0C-B6487E4AC2DC}.Release|Any CPU.ActiveCfg = Release|Any CPU
		{0AD1F25A-5201-4619-8C0C-B6487E4AC2DC}.Release|Any CPU.Build.0 = Release|Any CPU
		{0AD1F25A-5201-4619-8C0C-B6487E4AC2DC}.Release|Mixed Platforms.ActiveCfg = Release|Any CPU
		{0AD1F25A-5201-4619-8C0C-B6487E4AC2DC}.Release|Mixed Platforms.Build.0 = Release|Any CPU
		{0AD1F25A-5201-4619-8C0C-B6487E4AC2DC}.Release|x86.ActiveCfg = Release|Any CPU
		{0AD1F25A-5201-4619-8C0C-B6487E4AC2DC}.Release|x86.Build.0 = Release|Any CPU
	EndGlobalSection
	GlobalSection(SolutionProperties) = preSolution
		HideSolutionNode = FALSE
	EndGlobalSection
	GlobalSection(ExtensibilityGlobals) = postSolution
		SolutionGuid = {4210E46A-49FF-4FE0-B488-A34B3ED3D002}
	EndGlobalSection
	GlobalSection(TestCaseManagementSettings) = postSolution
		CategoryFile = Algorithms.vsmdi
	EndGlobalSection
EndGlobal
